<?xml version="1.0" encoding="utf-8"?>
<Project ToolsVersion="4.0" xmlns="http://schemas.microsoft.com/developer/msbuild/2003">
  <ItemGroup>
    <Filter Include="Fichiers sources">
      <UniqueIdentifier>{4FC737F1-C7A5-4376-A066-2A32D752A2FF}</UniqueIdentifier>
      <Extensions>cpp;c;cc;cxx;def;odl;idl;hpj;bat;asm;asmx</Extensions>
    </Filter>
    <Filter Include="Fichiers sources\IsiLcdLib">
      <UniqueIdentifier>{50ace5e4-fa4f-47d0-ab86-0c09a69905aa}</UniqueIdentifier>
    </Filter>
    <Filter Include="Fichiers d%27en-tête">
      <UniqueIdentifier>{93995380-89BD-4b04-88EB-625FBE52EBFB}</UniqueIdentifier>
      <Extensions>h;hpp;hxx;hm;inl;inc;xsd</Extensions>
    </Filter>
    <Filter Include="Fichiers d%27en-tête\IsiLcdLib">
      <UniqueIdentifier>{a3822821-6c6d-491b-8305-3ba17242f8ef}</UniqueIdentifier>
    </Filter>
    <Filter Include="Fichiers de ressources">
      <UniqueIdentifier>{67DA6AB6-F800-4c08-8B7A-83BB121AAD01}</UniqueIdentifier>
      <Extensions>rc;ico;cur;bmp;dlg;rc2;rct;bin;rgs;gif;jpg;jpeg;jpe;resx;tiff;tif;png;wav</Extensions>
    </Filter>
  </ItemGroup>
  <ItemGroup>
    <ClCompile Include="CIsiLcdDisplayDemo.cpp">
      <Filter>Fichiers sources</Filter>
    </ClCompile>
    <ClCompile Include="CIsiLcdDisplayDemoDlg.cpp">
      <Filter>Fichiers sources</Filter>
    </ClCompile>
    <ClCompile Include="stdafx.cpp">
      <Filter>Fichiers sources</Filter>
    </ClCompile>
    <ClCompile Include="IsiLcdLib\COLOR.CPP">
      <Filter>Fichiers sources\IsiLcdLib</Filter>
    </ClCompile>
    <ClCompile Include="IsiLcdLib\GdiBorder.cpp">
      <Filter>Fichiers sources\IsiLcdLib</Filter>
    </ClCompile>
    <ClCompile Include="IsiLcdLib\IsiCompBase.cpp">
      <Filter>Fichiers sources\IsiLcdLib</Filter>
    </ClCompile>
    <ClCompile Include="IsiLcdLib\IsiLcdDisplay.cpp">
      <Filter>Fichiers sources\IsiLcdLib</Filter>
    </ClCompile>
  </ItemGroup>
  <ItemGroup>
    <ClInclude Include="CIsiLcdDisplayDemo.h">
      <Filter>Fichiers d%27en-tête</Filter>
    </ClInclude>
    <ClInclude Include="CIsiLcdDisplayDemoDlg.h">
      <Filter>Fichiers d%27en-tête</Filter>
    </ClInclude>
    <ClInclude Include="IsiLcdLib\IsiCompBase.h">
      <Filter>Fichiers d%27en-tête</Filter>
    </ClInclude>
    <ClInclude Include="Resource.h">
      <Filter>Fichiers d%27en-tête</Filter>
    </ClInclude>
    <ClInclude Include="stdafx.h">
      <Filter>Fichiers d%27en-tête</Filter>
    </ClInclude>
    <ClInclude Include="IsiLcdLib\COLOR.H">
      <Filter>Fichiers d%27en-tête\IsiLcdLib</Filter>
    </ClInclude>
    <ClInclude Include="IsiLcdLib\GdiBorder.h">
      <Filter>Fichiers d%27en-tête\IsiLcdLib</Filter>
    </ClInclude>
    <ClInclude Include="IsiLcdLib\GdiPlusWnd.h">
      <Filter>Fichiers d%27en-tête\IsiLcdLib</Filter>
    </ClInclude>
    <ClInclude Include="IsiLcdLib\IsiLcdDisplay.h">
      <Filter>Fichiers d%27en-tête\IsiLcdLib</Filter>
    </ClInclude>
    <ClInclude Include="IsiLcdLib\MemDC.h">
      <Filter>Fichiers d%27en-tête\IsiLcdLib</Filter>
    </ClInclude>
  </ItemGroup>
  <ItemGroup>
    <Image Include="IsiLcdLib\bitmap1.bmp">
      <Filter>Fichiers de ressources</Filter>
    </Image>
    <Image Include="res\bitmap1.bmp">
      <Filter>Fichiers de ressources</Filter>
    </Image>
    <Image Include="res\CIsiLcdDisplayDemo.ico">
      <Filter>Fichiers de ressources</Filter>
    </Image>
    <Image Include="IsiLcdLib\Font5x7.bmp">
      <Filter>Fichiers de ressources</Filter>
    </Image>
  </ItemGroup>
  <ItemGroup>
    <ResourceCompile Include="CIsiLcdDisplayDemo.rc">
      <Filter>Fichiers de ressources</Filter>
    </ResourceCompile>
  </ItemGroup>
  <ItemGroup>
    <None Include="res\CIsiLcdDisplayDemo.rc2">
      <Filter>Fichiers de ressources</Filter>
    </None>
  </ItemGroup>
  <ItemGroup>
    <Text Include="ReadMe.txt" />
  </ItemGroup>
</Project>